// !$*UTF8*$!
{
	archiveVersion = 1;
	classes = {
	};
	objectVersion = 56;
	objects = {

/* Begin PBXBuildFile section */
		3200018C2B57D60A00DB3AB8 /* PaymentView.swift in Sources */ = {isa = PBXBuildFile; fileRef = 3200018B2B57D60A00DB3AB8 /* PaymentView.swift */; };
		320244932B2DDD7C00FF37EE /* StripeCardPaymentView.swift in Sources */ = {isa = PBXBuildFile; fileRef = 320244922B2DDD7C00FF37EE /* StripeCardPaymentView.swift */; };
		3206948B2AB9F98E00352E79 /* TargetView.swift in Sources */ = {isa = PBXBuildFile; fileRef = 3206948A2AB9F98E00352E79 /* TargetView.swift */; };
		32A239C82AB96ACE00651C98 /* TransferView.swift in Sources */ = {isa = PBXBuildFile; fileRef = 32A239C72AB96ACE00651C98 /* TransferView.swift */; };
		32A425592AB050EE009FB340 /* MobilePaymentApp.swift in Sources */ = {isa = PBXBuildFile; fileRef = 32A425582AB050EE009FB340 /* MobilePaymentApp.swift */; };
		32A4255B2AB050EE009FB340 /* MainView.swift in Sources */ = {isa = PBXBuildFile; fileRef = 32A4255A2AB050EE009FB340 /* MainView.swift */; };
		32A4255D2AB050EF009FB340 /* Assets.xcassets in Resources */ = {isa = PBXBuildFile; fileRef = 32A4255C2AB050EF009FB340 /* Assets.xcassets */; };
		32A425672AB05142009FB340 /* ApplicationData.swift in Sources */ = {isa = PBXBuildFile; fileRef = 32A425662AB05142009FB340 /* ApplicationData.swift */; };
		32A6C8552AB2E8E7006EE11E /* TransferHistoryView.swift in Sources */ = {isa = PBXBuildFile; fileRef = 32A6C8542AB2E8E7006EE11E /* TransferHistoryView.swift */; };
		32AB48862ABA8CAA00FE1AF5 /* QRCodeView.swift in Sources */ = {isa = PBXBuildFile; fileRef = 32AB48852ABA8CAA00FE1AF5 /* QRCodeView.swift */; };
		32ACF6AB2AB5ABB4006FFD0C /* ContactView.swift in Sources */ = {isa = PBXBuildFile; fileRef = 32ACF6AA2AB5ABB4006FFD0C /* ContactView.swift */; };
		32BBDD0D2B47F338002904AB /* SearchView.swift in Sources */ = {isa = PBXBuildFile; fileRef = 32BBDD0C2B47F338002904AB /* SearchView.swift */; };
		32C0316F2B2A10E200C6DF61 /* HTTPSession.swift in Sources */ = {isa = PBXBuildFile; fileRef = 32C0316E2B2A10E200C6DF61 /* HTTPSession.swift */; };
		32D590772B74ADCB00A7CA01 /* MerchantMainView.swift in Sources */ = {isa = PBXBuildFile; fileRef = 32D590762B74ADCB00A7CA01 /* MerchantMainView.swift */; };
		32D5907B2B74BA1100A7CA01 /* MerchantQRCodeView.swift in Sources */ = {isa = PBXBuildFile; fileRef = 32D5907A2B74BA1100A7CA01 /* MerchantQRCodeView.swift */; };
		32D5907D2B74BBA300A7CA01 /* MerchantData.swift in Sources */ = {isa = PBXBuildFile; fileRef = 32D5907C2B74BBA300A7CA01 /* MerchantData.swift */; };
		32D5907F2B74C48500A7CA01 /* MerchantMenu.swift in Sources */ = {isa = PBXBuildFile; fileRef = 32D5907E2B74C48500A7CA01 /* MerchantMenu.swift */; };
		32D590812B74CB3300A7CA01 /* MerchantTargetView.swift in Sources */ = {isa = PBXBuildFile; fileRef = 32D590802B74CB3300A7CA01 /* MerchantTargetView.swift */; };
		32DA52FF2B4191DC00D085E4 /* LogInView.swift in Sources */ = {isa = PBXBuildFile; fileRef = 32DA52FE2B4191DC00D085E4 /* LogInView.swift */; };
		32DA53012B41B2A600D085E4 /* SignUpView.swift in Sources */ = {isa = PBXBuildFile; fileRef = 32DA53002B41B2A600D085E4 /* SignUpView.swift */; };
		32E2B2012B371D4200718BA3 /* ChargeView.swift in Sources */ = {isa = PBXBuildFile; fileRef = 32E2B2002B371D4200718BA3 /* ChargeView.swift */; };
		39D6EFDA76DD8A0A5735DACA /* Pods_MobilePayment.framework in Frameworks */ = {isa = PBXBuildFile; fileRef = 23004A0275D1B020D58CF1F3 /* Pods_MobilePayment.framework */; };
/* End PBXBuildFile section */

/* Begin PBXFileReference section */
		23004A0275D1B020D58CF1F3 /* Pods_MobilePayment.framework */ = {isa = PBXFileReference; explicitFileType = wrapper.framework; includeInIndex = 0; path = Pods_MobilePayment.framework; sourceTree = BUILT_PRODUCTS_DIR; };
		3200018B2B57D60A00DB3AB8 /* PaymentView.swift */ = {isa = PBXFileReference; lastKnownFileType = sourcecode.swift; path = PaymentView.swift; sourceTree = "<group>"; };
		320244922B2DDD7C00FF37EE /* StripeCardPaymentView.swift */ = {isa = PBXFileReference; lastKnownFileType = sourcecode.swift; path = StripeCardPaymentView.swift; sourceTree = "<group>"; };
		3206948A2AB9F98E00352E79 /* TargetView.swift */ = {isa = PBXFileReference; lastKnownFileType = sourcecode.swift; path = TargetView.swift; sourceTree = "<group>"; };
		32A239C72AB96ACE00651C98 /* TransferView.swift */ = {isa = PBXFileReference; lastKnownFileType = sourcecode.swift; path = TransferView.swift; sourceTree = "<group>"; };
		32A425552AB050EE009FB340 /* MobilePayment.app */ = {isa = PBXFileReference; explicitFileType = wrapper.application; includeInIndex = 0; path = MobilePayment.app; sourceTree = BUILT_PRODUCTS_DIR; };
		32A425582AB050EE009FB340 /* MobilePaymentApp.swift */ = {isa = PBXFileReference; lastKnownFileType = sourcecode.swift; path = MobilePaymentApp.swift; sourceTree = "<group>"; };
		32A4255A2AB050EE009FB340 /* MainView.swift */ = {isa = PBXFileReference; lastKnownFileType = sourcecode.swift; path = MainView.swift; sourceTree = "<group>"; };
		32A4255C2AB050EF009FB340 /* Assets.xcassets */ = {isa = PBXFileReference; lastKnownFileType = folder.assetcatalog; path = Assets.xcassets; sourceTree = "<group>"; };
		32A425662AB05142009FB340 /* ApplicationData.swift */ = {isa = PBXFileReference; lastKnownFileType = sourcecode.swift; path = ApplicationData.swift; sourceTree = "<group>"; };
		32A6C8542AB2E8E7006EE11E /* TransferHistoryView.swift */ = {isa = PBXFileReference; lastKnownFileType = sourcecode.swift; path = TransferHistoryView.swift; sourceTree = "<group>"; };
		32AB48852ABA8CAA00FE1AF5 /* QRCodeView.swift */ = {isa = PBXFileReference; lastKnownFileType = sourcecode.swift; path = QRCodeView.swift; sourceTree = "<group>"; };
		32ACF6AA2AB5ABB4006FFD0C /* ContactView.swift */ = {isa = PBXFileReference; lastKnownFileType = sourcecode.swift; path = ContactView.swift; sourceTree = "<group>"; };
		32BBDD0C2B47F338002904AB /* SearchView.swift */ = {isa = PBXFileReference; lastKnownFileType = sourcecode.swift; path = SearchView.swift; sourceTree = "<group>"; };
		32C0316E2B2A10E200C6DF61 /* HTTPSession.swift */ = {isa = PBXFileReference; lastKnownFileType = sourcecode.swift; path = HTTPSession.swift; sourceTree = "<group>"; };
		32C614AB2B5E5BF3000E66E1 /* Info.plist */ = {isa = PBXFileReference; lastKnownFileType = text.plist; path = Info.plist; sourceTree = "<group>"; };
		32D590762B74ADCB00A7CA01 /* MerchantMainView.swift */ = {isa = PBXFileReference; lastKnownFileType = sourcecode.swift; path = MerchantMainView.swift; sourceTree = "<group>"; };
		32D5907A2B74BA1100A7CA01 /* MerchantQRCodeView.swift */ = {isa = PBXFileReference; lastKnownFileType = sourcecode.swift; path = MerchantQRCodeView.swift; sourceTree = "<group>"; };
		32D5907C2B74BBA300A7CA01 /* MerchantData.swift */ = {isa = PBXFileReference; lastKnownFileType = sourcecode.swift; path = MerchantData.swift; sourceTree = "<group>"; };
		32D5907E2B74C48500A7CA01 /* MerchantMenu.swift */ = {isa = PBXFileReference; lastKnownFileType = sourcecode.swift; path = MerchantMenu.swift; sourceTree = "<group>"; };
		32D590802B74CB3300A7CA01 /* MerchantTargetView.swift */ = {isa = PBXFileReference; lastKnownFileType = sourcecode.swift; path = MerchantTargetView.swift; sourceTree = "<group>"; };
		32DA52FE2B4191DC00D085E4 /* LogInView.swift */ = {isa = PBXFileReference; lastKnownFileType = sourcecode.swift; path = LogInView.swift; sourceTree = "<group>"; };
		32DA53002B41B2A600D085E4 /* SignUpView.swift */ = {isa = PBXFileReference; lastKnownFileType = sourcecode.swift; path = SignUpView.swift; sourceTree = "<group>"; };
		32E2B2002B371D4200718BA3 /* ChargeView.swift */ = {isa = PBXFileReference; lastKnownFileType = sourcecode.swift; path = ChargeView.swift; sourceTree = "<group>"; };
		52FE49A62DB70744779FAB35 /* Pods-MobilePayment.debug.xcconfig */ = {isa = PBXFileReference; includeInIndex = 1; lastKnownFileType = text.xcconfig; name = "Pods-MobilePayment.debug.xcconfig"; path = "Target Support Files/Pods-MobilePayment/Pods-MobilePayment.debug.xcconfig"; sourceTree = "<group>"; };
		5FAB676042CC25B1850DF791 /* Pods-MobilePayment.release.xcconfig */ = {isa = PBXFileReference; includeInIndex = 1; lastKnownFileType = text.xcconfig; name = "Pods-MobilePayment.release.xcconfig"; path = "Target Support Files/Pods-MobilePayment/Pods-MobilePayment.release.xcconfig"; sourceTree = "<group>"; };
/* End PBXFileReference section */

/* Begin PBXFrameworksBuildPhase section */
		32A425522AB050EE009FB340 /* Frameworks */ = {
			isa = PBXFrameworksBuildPhase;
			buildActionMask = 2147483647;
			files = (
				39D6EFDA76DD8A0A5735DACA /* Pods_MobilePayment.framework in Frameworks */,
			);
			runOnlyForDeploymentPostprocessing = 0;
		};
/* End PBXFrameworksBuildPhase section */

/* Begin PBXGroup section */
		2D5F37615417FD6ECE2B0012 /* Frameworks */ = {
			isa = PBXGroup;
			children = (
				23004A0275D1B020D58CF1F3 /* Pods_MobilePayment.framework */,
			);
			name = Frameworks;
			sourceTree = "<group>";
		};
		32A4254C2AB050EE009FB340 = {
			isa = PBXGroup;
			children = (
				32A425572AB050EE009FB340 /* MobilePayment */,
				32A425562AB050EE009FB340 /* Products */,
				F540E2285FDF9080F9B0726A /* Pods */,
				2D5F37615417FD6ECE2B0012 /* Frameworks */,
			);
			sourceTree = "<group>";
		};
		32A425562AB050EE009FB340 /* Products */ = {
			isa = PBXGroup;
			children = (
				32A425552AB050EE009FB340 /* MobilePayment.app */,
			);
			name = Products;
			sourceTree = "<group>";
		};
		32A425572AB050EE009FB340 /* MobilePayment */ = {
			isa = PBXGroup;
			children = (
				32C614AB2B5E5BF3000E66E1 /* Info.plist */,
				32D590792B74B97B00A7CA01 /* View */,
				32A425582AB050EE009FB340 /* MobilePaymentApp.swift */,
				32D5907C2B74BBA300A7CA01 /* MerchantData.swift */,
				32A425662AB05142009FB340 /* ApplicationData.swift */,
				32C0316E2B2A10E200C6DF61 /* HTTPSession.swift */,
				32A4255C2AB050EF009FB340 /* Assets.xcassets */,
			);
			path = MobilePayment;
			sourceTree = "<group>";
		};
		32D590782B74B94200A7CA01 /* Merchant */ = {
			isa = PBXGroup;
			children = (
				32D590762B74ADCB00A7CA01 /* MerchantMainView.swift */,
				32D5907A2B74BA1100A7CA01 /* MerchantQRCodeView.swift */,
				32D5907E2B74C48500A7CA01 /* MerchantMenu.swift */,
				32D590802B74CB3300A7CA01 /* MerchantTargetView.swift */,
			);
			path = Merchant;
			sourceTree = "<group>";
		};
		32D590792B74B97B00A7CA01 /* View */ = {
			isa = PBXGroup;
			children = (
				32A4255A2AB050EE009FB340 /* MainView.swift */,
				32A6C8542AB2E8E7006EE11E /* TransferHistoryView.swift */,
				32A239C72AB96ACE00651C98 /* TransferView.swift */,
				3206948A2AB9F98E00352E79 /* TargetView.swift */,
				320244922B2DDD7C00FF37EE /* StripeCardPaymentView.swift */,
				32ACF6AA2AB5ABB4006FFD0C /* ContactView.swift */,
				32AB48852ABA8CAA00FE1AF5 /* QRCodeView.swift */,
				32E2B2002B371D4200718BA3 /* ChargeView.swift */,
				32DA52FE2B4191DC00D085E4 /* LogInView.swift */,
				32DA53002B41B2A600D085E4 /* SignUpView.swift */,
				32BBDD0C2B47F338002904AB /* SearchView.swift */,
				3200018B2B57D60A00DB3AB8 /* PaymentView.swift */,
				32D590782B74B94200A7CA01 /* Merchant */,
			);
			path = View;
			sourceTree = "<group>";
		};
		F540E2285FDF9080F9B0726A /* Pods */ = {
			isa = PBXGroup;
			children = (
				52FE49A62DB70744779FAB35 /* Pods-MobilePayment.debug.xcconfig */,
				5FAB676042CC25B1850DF791 /* Pods-MobilePayment.release.xcconfig */,
			);
			path = Pods;
			sourceTree = "<group>";
		};
/* End PBXGroup section */

/* Begin PBXNativeTarget section */
		32A425542AB050EE009FB340 /* MobilePayment */ = {
			isa = PBXNativeTarget;
			buildConfigurationList = 32A425632AB050EF009FB340 /* Build configuration list for PBXNativeTarget "MobilePayment" */;
			buildPhases = (
				0C301EDF0EA3470CA12F29D0 /* [CP] Check Pods Manifest.lock */,
				32A425512AB050EE009FB340 /* Sources */,
				32A425522AB050EE009FB340 /* Frameworks */,
				32A425532AB050EE009FB340 /* Resources */,
				F317003737FBCE05ABE8734C /* [CP] Embed Pods Frameworks */,
			);
			buildRules = (
			);
			dependencies = (
			);
			name = MobilePayment;
			productName = MobilePayment;
			productReference = 32A425552AB050EE009FB340 /* MobilePayment.app */;
			productType = "com.apple.product-type.application";
		};
/* End PBXNativeTarget section */

/* Begin PBXProject section */
		32A4254D2AB050EE009FB340 /* Project object */ = {
			isa = PBXProject;
			attributes = {
				BuildIndependentTargetsInParallel = 1;
				LastSwiftUpdateCheck = 1430;
				LastUpgradeCheck = 1430;
				TargetAttributes = {
					32A425542AB050EE009FB340 = {
						CreatedOnToolsVersion = 14.3.1;
					};
				};
			};
			buildConfigurationList = 32A425502AB050EE009FB340 /* Build configuration list for PBXProject "MobilePayment" */;
			compatibilityVersion = "Xcode 14.0";
			developmentRegion = en;
			hasScannedForEncodings = 0;
			knownRegions = (
				en,
				Base,
			);
			mainGroup = 32A4254C2AB050EE009FB340;
			productRefGroup = 32A425562AB050EE009FB340 /* Products */;
			projectDirPath = "";
			projectRoot = "";
			targets = (
				32A425542AB050EE009FB340 /* MobilePayment */,
			);
		};
/* End PBXProject section */

/* Begin PBXResourcesBuildPhase section */
		32A425532AB050EE009FB340 /* Resources */ = {
			isa = PBXResourcesBuildPhase;
			buildActionMask = 2147483647;
			files = (
				32A4255D2AB050EF009FB340 /* Assets.xcassets in Resources */,
			);
			runOnlyForDeploymentPostprocessing = 0;
		};
/* End PBXResourcesBuildPhase section */

/* Begin PBXShellScriptBuildPhase section */
		0C301EDF0EA3470CA12F29D0 /* [CP] Check Pods Manifest.lock */ = {
			isa = PBXShellScriptBuildPhase;
			buildActionMask = 2147483647;
			files = (
			);
			inputFileListPaths = (
			);
			inputPaths = (
				"${PODS_PODFILE_DIR_PATH}/Podfile.lock",
				"${PODS_ROOT}/Manifest.lock",
			);
			name = "[CP] Check Pods Manifest.lock";
			outputFileListPaths = (
			);
			outputPaths = (
				"$(DERIVED_FILE_DIR)/Pods-MobilePayment-checkManifestLockResult.txt",
			);
			runOnlyForDeploymentPostprocessing = 0;
			shellPath = /bin/sh;
			shellScript = "diff \"${PODS_PODFILE_DIR_PATH}/Podfile.lock\" \"${PODS_ROOT}/Manifest.lock\" > /dev/null\nif [ $? != 0 ] ; then\n    # print error to STDERR\n    echo \"error: The sandbox is not in sync with the Podfile.lock. Run 'pod install' or update your CocoaPods installation.\" >&2\n    exit 1\nfi\n# This output is used by Xcode 'outputs' to avoid re-running this script phase.\necho \"SUCCESS\" > \"${SCRIPT_OUTPUT_FILE_0}\"\n";
			showEnvVarsInLog = 0;
		};
		F317003737FBCE05ABE8734C /* [CP] Embed Pods Frameworks */ = {
			isa = PBXShellScriptBuildPhase;
			buildActionMask = 2147483647;
			files = (
			);
			inputFileListPaths = (
				"${PODS_ROOT}/Target Support Files/Pods-MobilePayment/Pods-MobilePayment-frameworks-${CONFIGURATION}-input-files.xcfilelist",
			);
			name = "[CP] Embed Pods Frameworks";
			outputFileListPaths = (
				"${PODS_ROOT}/Target Support Files/Pods-MobilePayment/Pods-MobilePayment-frameworks-${CONFIGURATION}-output-files.xcfilelist",
			);
			runOnlyForDeploymentPostprocessing = 0;
			shellPath = /bin/sh;
			shellScript = "\"${PODS_ROOT}/Target Support Files/Pods-MobilePayment/Pods-MobilePayment-frameworks.sh\"\n";
			showEnvVarsInLog = 0;
		};
/* End PBXShellScriptBuildPhase section */

/* Begin PBXSourcesBuildPhase section */
		32A425512AB050EE009FB340 /* Sources */ = {
			isa = PBXSourcesBuildPhase;
			buildActionMask = 2147483647;
			files = (
				32A425672AB05142009FB340 /* ApplicationData.swift in Sources */,
				32A239C82AB96ACE00651C98 /* TransferView.swift in Sources */,
				32A6C8552AB2E8E7006EE11E /* TransferHistoryView.swift in Sources */,
				32D590772B74ADCB00A7CA01 /* MerchantMainView.swift in Sources */,
				32D5907D2B74BBA300A7CA01 /* MerchantData.swift in Sources */,
				32D5907F2B74C48500A7CA01 /* MerchantMenu.swift in Sources */,
				32D5907B2B74BA1100A7CA01 /* MerchantQRCodeView.swift in Sources */,
				320244932B2DDD7C00FF37EE /* StripeCardPaymentView.swift in Sources */,
				32C0316F2B2A10E200C6DF61 /* HTTPSession.swift in Sources */,
				32A4255B2AB050EE009FB340 /* MainView.swift in Sources */,
				32DA52FF2B4191DC00D085E4 /* LogInView.swift in Sources */,
				32AB48862ABA8CAA00FE1AF5 /* QRCodeView.swift in Sources */,
				32DA53012B41B2A600D085E4 /* SignUpView.swift in Sources */,
				32ACF6AB2AB5ABB4006FFD0C /* ContactView.swift in Sources */,
				32BBDD0D2B47F338002904AB /* SearchView.swift in Sources */,
				32D590812B74CB3300A7CA01 /* MerchantTargetView.swift in Sources */,
				32A425592AB050EE009FB340 /* MobilePaymentApp.swift in Sources */,
				3206948B2AB9F98E00352E79 /* TargetView.swift in Sources */,
				3200018C2B57D60A00DB3AB8 /* PaymentView.swift in Sources */,
				32E2B2012B371D4200718BA3 /* ChargeView.swift in Sources */,
			);
			runOnlyForDeploymentPostprocessing = 0;
		};
/* End PBXSourcesBuildPhase section */

/* Begin XCBuildConfiguration section */
		32A425612AB050EF009FB340 /* Debug */ = {
			isa = XCBuildConfiguration;
			buildSettings = {
				ALWAYS_SEARCH_USER_PATHS = NO;
				CLANG_ANALYZER_NONNULL = YES;
				CLANG_ANALYZER_NUMBER_OBJECT_CONVERSION = YES_AGGRESSIVE;
				CLANG_CXX_LANGUAGE_STANDARD = "gnu++20";
				CLANG_ENABLE_MODULES = YES;
				CLANG_ENABLE_OBJC_ARC = YES;
				CLANG_ENABLE_OBJC_WEAK = YES;
				CLANG_WARN_BLOCK_CAPTURE_AUTORELEASING = YES;
				CLANG_WARN_BOOL_CONVERSION = YES;
				CLANG_WARN_COMMA = YES;
				CLANG_WARN_CONSTANT_CONVERSION = YES;
				CLANG_WARN_DEPRECATED_OBJC_IMPLEMENTATIONS = YES;
				CLANG_WARN_DIRECT_OBJC_ISA_USAGE = YES_ERROR;
				CLANG_WARN_DOCUMENTATION_COMMENTS = YES;
				CLANG_WARN_EMPTY_BODY = YES;
				CLANG_WARN_ENUM_CONVERSION = YES;
				CLANG_WARN_INFINITE_RECURSION = YES;
				CLANG_WARN_INT_CONVERSION = YES;
				CLANG_WARN_NON_LITERAL_NULL_CONVERSION = YES;
				CLANG_WARN_OBJC_IMPLICIT_RETAIN_SELF = YES;
				CLANG_WARN_OBJC_LITERAL_CONVERSION = YES;
				CLANG_WARN_OBJC_ROOT_CLASS = YES_ERROR;
				CLANG_WARN_QUOTED_INCLUDE_IN_FRAMEWORK_HEADER = YES;
				CLANG_WARN_RANGE_LOOP_ANALYSIS = YES;
				CLANG_WARN_STRICT_PROTOTYPES = YES;
				CLANG_WARN_SUSPICIOUS_MOVE = YES;
				CLANG_WARN_UNGUARDED_AVAILABILITY = YES_AGGRESSIVE;
				CLANG_WARN_UNREACHABLE_CODE = YES;
				CLANG_WARN__DUPLICATE_METHOD_MATCH = YES;
				COPY_PHASE_STRIP = NO;
				DEBUG_INFORMATION_FORMAT = dwarf;
				ENABLE_STRICT_OBJC_MSGSEND = YES;
				ENABLE_TESTABILITY = YES;
				GCC_C_LANGUAGE_STANDARD = gnu11;
				GCC_DYNAMIC_NO_PIC = NO;
				GCC_NO_COMMON_BLOCKS = YES;
				GCC_OPTIMIZATION_LEVEL = 0;
				GCC_PREPROCESSOR_DEFINITIONS = (
					"DEBUG=1",
					"$(inherited)",
				);
				GCC_WARN_64_TO_32_BIT_CONVERSION = YES;
				GCC_WARN_ABOUT_RETURN_TYPE = YES_ERROR;
				GCC_WARN_UNDECLARED_SELECTOR = YES;
				GCC_WARN_UNINITIALIZED_AUTOS = YES_AGGRESSIVE;
				GCC_WARN_UNUSED_FUNCTION = YES;
				GCC_WARN_UNUSED_VARIABLE = YES;
				IPHONEOS_DEPLOYMENT_TARGET = 16.4;
				MTL_ENABLE_DEBUG_INFO = INCLUDE_SOURCE;
				MTL_FAST_MATH = YES;
				ONLY_ACTIVE_ARCH = YES;
				SDKROOT = iphoneos;
				SWIFT_ACTIVE_COMPILATION_CONDITIONS = DEBUG;
				SWIFT_OPTIMIZATION_LEVEL = "-Onone";
			};
			name = Debug;
		};
		32A425622AB050EF009FB340 /* Release */ = {
			isa = XCBuildConfiguration;
			buildSettings = {
				ALWAYS_SEARCH_USER_PATHS = NO;
				CLANG_ANALYZER_NONNULL = YES;
				CLANG_ANALYZER_NUMBER_OBJECT_CONVERSION = YES_AGGRESSIVE;
				CLANG_CXX_LANGUAGE_STANDARD = "gnu++20";
				CLANG_ENABLE_MODULES = YES;
				CLANG_ENABLE_OBJC_ARC = YES;
				CLANG_ENABLE_OBJC_WEAK = YES;
				CLANG_WARN_BLOCK_CAPTURE_AUTORELEASING = YES;
				CLANG_WARN_BOOL_CONVERSION = YES;
				CLANG_WARN_COMMA = YES;
				CLANG_WARN_CONSTANT_CONVERSION = YES;
				CLANG_WARN_DEPRECATED_OBJC_IMPLEMENTATIONS = YES;
				CLANG_WARN_DIRECT_OBJC_ISA_USAGE = YES_ERROR;
				CLANG_WARN_DOCUMENTATION_COMMENTS = YES;
				CLANG_WARN_EMPTY_BODY = YES;
				CLANG_WARN_ENUM_CONVERSION = YES;
				CLANG_WARN_INFINITE_RECURSION = YES;
				CLANG_WARN_INT_CONVERSION = YES;
				CLANG_WARN_NON_LITERAL_NULL_CONVERSION = YES;
				CLANG_WARN_OBJC_IMPLICIT_RETAIN_SELF = YES;
				CLANG_WARN_OBJC_LITERAL_CONVERSION = YES;
				CLANG_WARN_OBJC_ROOT_CLASS = YES_ERROR;
				CLANG_WARN_QUOTED_INCLUDE_IN_FRAMEWORK_HEADER = YES;
				CLANG_WARN_RANGE_LOOP_ANALYSIS = YES;
				CLANG_WARN_STRICT_PROTOTYPES = YES;
				CLANG_WARN_SUSPICIOUS_MOVE = YES;
				CLANG_WARN_UNGUARDED_AVAILABILITY = YES_AGGRESSIVE;
				CLANG_WARN_UNREACHABLE_CODE = YES;
				CLANG_WARN__DUPLICATE_METHOD_MATCH = YES;
				COPY_PHASE_STRIP = NO;
				DEBUG_INFORMATION_FORMAT = "dwarf-with-dsym";
				ENABLE_NS_ASSERTIONS = NO;
				ENABLE_STRICT_OBJC_MSGSEND = YES;
				GCC_C_LANGUAGE_STANDARD = gnu11;
				GCC_NO_COMMON_BLOCKS = YES;
				GCC_WARN_64_TO_32_BIT_CONVERSION = YES;
				GCC_WARN_ABOUT_RETURN_TYPE = YES_ERROR;
				GCC_WARN_UNDECLARED_SELECTOR = YES;
				GCC_WARN_UNINITIALIZED_AUTOS = YES_AGGRESSIVE;
				GCC_WARN_UNUSED_FUNCTION = YES;
				GCC_WARN_UNUSED_VARIABLE = YES;
				IPHONEOS_DEPLOYMENT_TARGET = 16.4;
				MTL_ENABLE_DEBUG_INFO = NO;
				MTL_FAST_MATH = YES;
				SDKROOT = iphoneos;
				SWIFT_COMPILATION_MODE = wholemodule;
				SWIFT_OPTIMIZATION_LEVEL = "-O";
				VALIDATE_PRODUCT = YES;
			};
			name = Release;
		};
		32A425642AB050EF009FB340 /* Debug */ = {
			isa = XCBuildConfiguration;
			baseConfigurationReference = 52FE49A62DB70744779FAB35 /* Pods-MobilePayment.debug.xcconfig */;
			buildSettings = {
				ASSETCATALOG_COMPILER_APPICON_NAME = AppIcon;
				ASSETCATALOG_COMPILER_GLOBAL_ACCENT_COLOR_NAME = AccentColor;
				CODE_SIGN_STYLE = Automatic;
				CURRENT_PROJECT_VERSION = 1;
				DEVELOPMENT_ASSET_PATHS = "\"MobilePayment/Preview Content\"";
				DEVELOPMENT_TEAM = X7LY2ZJK62;
				ENABLE_PREVIEWS = YES;
				GENERATE_INFOPLIST_FILE = YES;
				INFOPLIST_FILE = MobilePayment/Info.plist;
				INFOPLIST_KEY_NSCameraUsageDescription = "Requesting Camera Access for Scanning QR Code from the App";
				INFOPLIST_KEY_UIApplicationSceneManifest_Generation = YES;
				INFOPLIST_KEY_UIApplicationSupportsIndirectInputEvents = YES;
				INFOPLIST_KEY_UILaunchScreen_Generation = YES;
				INFOPLIST_KEY_UISupportedInterfaceOrientations_iPad = "UIInterfaceOrientationPortrait UIInterfaceOrientationPortraitUpsideDown UIInterfaceOrientationLandscapeLeft UIInterfaceOrientationLandscapeRight";
				INFOPLIST_KEY_UISupportedInterfaceOrientations_iPhone = "UIInterfaceOrientationPortrait UIInterfaceOrientationLandscapeLeft UIInterfaceOrientationLandscapeRight";
				INFOPLIST_KEY_UIUserInterfaceStyle = Light;
				IPHONEOS_DEPLOYMENT_TARGET = 17.0;
				LD_RUNPATH_SEARCH_PATHS = (
					"$(inherited)",
					"@executable_path/Frameworks",
				);
				MARKETING_VERSION = 1.0;
				PRODUCT_BUNDLE_IDENTIFIER = "com.joohwan-lee.MobilePayment";
				PRODUCT_NAME = "$(TARGET_NAME)";
				SWIFT_EMIT_LOC_STRINGS = YES;
				SWIFT_VERSION = 5.0;
				TARGETED_DEVICE_FAMILY = "1,2";
			};
			name = Debug;
		};
		32A425652AB050EF009FB340 /* Release */ = {
			isa = XCBuildConfiguration;
			baseConfigurationReference = 5FAB676042CC25B1850DF791 /* Pods-MobilePayment.release.xcconfig */;
			buildSettings = {
				ASSETCATALOG_COMPILER_APPICON_NAME = AppIcon;
				ASSETCATALOG_COMPILER_GLOBAL_ACCENT_COLOR_NAME = AccentColor;
				CODE_SIGN_STYLE = Automatic;
				CURRENT_PROJECT_VERSION = 1;
				DEVELOPMENT_ASSET_PATHS = "\"MobilePayment/Preview Content\"";
				DEVELOPMENT_TEAM = X7LY2ZJK62;
				ENABLE_PREVIEWS = YES;
				GENERATE_INFOPLIST_FILE = YES;
				INFOPLIST_FILE = MobilePayment/Info.plist;
				INFOPLIST_KEY_NSCameraUsageDescription = "Requesting Camera Access for Scanning QR Code from the App";
				INFOPLIST_KEY_UIApplicationSceneManifest_Generation = YES;
				INFOPLIST_KEY_UIApplicationSupportsIndirectInputEvents = YES;
				INFOPLIST_KEY_UILaunchScreen_Generation = YES;
				INFOPLIST_KEY_UISupportedInterfaceOrientations_iPad = "UIInterfaceOrientationPortrait UIInterfaceOrientationPortraitUpsideDown UIInterfaceOrientationLandscapeLeft UIInterfaceOrientationLandscapeRight";
				INFOPLIST_KEY_UISupportedInterfaceOrientations_iPhone = "UIInterfaceOrientationPortrait UIInterfaceOrientationLandscapeLeft UIInterfaceOrientationLandscapeRight";
				INFOPLIST_KEY_UIUserInterfaceStyle = Light;
				IPHONEOS_DEPLOYMENT_TARGET = 17.0;
				LD_RUNPATH_SEARCH_PATHS = (
					"$(inherited)",
					"@executable_path/Frameworks",
				);
				MARKETING_VERSION = 1.0;
				PRODUCT_BUNDLE_IDENTIFIER = "com.joohwan-lee.MobilePayment";
				PRODUCT_NAME = "$(TARGET_NAME)";
				SWIFT_EMIT_LOC_STRINGS = YES;
				SWIFT_VERSION = 5.0;
				TARGETED_DEVICE_FAMILY = "1,2";
			};
			name = Release;
		};
/* End XCBuildConfiguration section */

/* Begin XCConfigurationList section */
		32A425502AB050EE009FB340 /* Build configuration list for PBXProject "MobilePayment" */ = {
			isa = XCConfigurationList;
			buildConfigurations = (
				32A425612AB050EF009FB340 /* Debug */,
				32A425622AB050EF009FB340 /* Release */,
			);
			defaultConfigurationIsVisible = 0;
			defaultConfigurationName = Release;
		};
		32A425632AB050EF009FB340 /* Build configuration list for PBXNativeTarget "MobilePayment" */ = {
			isa = XCConfigurationList;
			buildConfigurations = (
				32A425642AB050EF009FB340 /* Debug */,
				32A425652AB050EF009FB340 /* Release */,
			);
			defaultConfigurationIsVisible = 0;
			defaultConfigurationName = Release;
		};
/* End XCConfigurationList section */
	};
	rootObject = 32A4254D2AB050EE009FB340 /* Project object */;
}
